// !$*UTF8*$!
{
	archiveVersion = 1;
	classes = {
	};
	objectVersion = 48;
	objects = {

/* Begin PBXBuildFile section */
		2398A6B02066C2AD006DC782 /* AppDelegate.swift in Sources */ = {isa = PBXBuildFile; fileRef = 2398A6AF2066C2AD006DC782 /* AppDelegate.swift */; };
		2398A6B22066C2AD006DC782 /* ViewController.swift in Sources */ = {isa = PBXBuildFile; fileRef = 2398A6B12066C2AD006DC782 /* ViewController.swift */; };
		2398A6B52066C2AD006DC782 /* Main.storyboard in Resources */ = {isa = PBXBuildFile; fileRef = 2398A6B32066C2AD006DC782 /* Main.storyboard */; };
		2398A6B82066C2AD006DC782 /* ExpandibleCollectionViewCell.xcdatamodeld in Sources */ = {isa = PBXBuildFile; fileRef = 2398A6B62066C2AD006DC782 /* ExpandibleCollectionViewCell.xcdatamodeld */; };
		2398A6BA2066C2AD006DC782 /* Assets.xcassets in Resources */ = {isa = PBXBuildFile; fileRef = 2398A6B92066C2AD006DC782 /* Assets.xcassets */; };
		2398A6BD2066C2AD006DC782 /* LaunchScreen.storyboard in Resources */ = {isa = PBXBuildFile; fileRef = 2398A6BB2066C2AD006DC782 /* LaunchScreen.storyboard */; };
/* End PBXBuildFile section */

/* Begin PBXFileReference section */
		2398A6AC2066C2AD006DC782 /* ExpandibleCollectionViewCell.app */ = {isa = PBXFileReference; explicitFileType = wrapper.application; includeInIndex = 0; path = ExpandibleCollectionViewCell.app; sourceTree = BUILT_PRODUCTS_DIR; };
		2398A6AF2066C2AD006DC782 /* AppDelegate.swift */ = {isa = PBXFileReference; lastKnownFileType = sourcecode.swift; path = AppDelegate.swift; sourceTree = "<group>"; };
		2398A6B12066C2AD006DC782 /* ViewController.swift */ = {isa = PBXFileReference; lastKnownFileType = sourcecode.swift; path = ViewController.swift; sourceTree = "<group>"; };
		2398A6B42066C2AD006DC782 /* Base */ = {isa = PBXFileReference; lastKnownFileType = file.storyboard; name = Base; path = Base.lproj/Main.storyboard; sourceTree = "<group>"; };
		2398A6B72066C2AD006DC782 /* ExpandibleCollectionViewCell.xcdatamodel */ = {isa = PBXFileReference; lastKnownFileType = wrapper.xcdatamodel; path = ExpandibleCollectionViewCell.xcdatamodel; sourceTree = "<group>"; };
		2398A6B92066C2AD006DC782 /* Assets.xcassets */ = {isa = PBXFileReference; lastKnownFileType = folder.assetcatalog; path = Assets.xcassets; sourceTree = "<group>"; };
		2398A6BC2066C2AD006DC782 /* Base */ = {isa = PBXFileReference; lastKnownFileType = file.storyboard; name = Base; path = Base.lproj/LaunchScreen.storyboard; sourceTree = "<group>"; };
		2398A6BE2066C2AD006DC782 /* Info.plist */ = {isa = PBXFileReference; lastKnownFileType = text.plist.xml; path = Info.plist; sourceTree = "<group>"; };
/* End PBXFileReference section */

/* Begin PBXFrameworksBuildPhase section */
		2398A6A92066C2AD006DC782 /* Frameworks */ = {
			isa = PBXFrameworksBuildPhase;
			buildActionMask = 2147483647;
			files = (
			);
			runOnlyForDeploymentPostprocessing = 0;
		};
/* End PBXFrameworksBuildPhase section */

/* Begin PBXGroup section */
		2398A6A32066C2AD006DC782 = {
			isa = PBXGroup;
			children = (
				2398A6AE2066C2AD006DC782 /* ExpandibleCollectionViewCell */,
				2398A6AD2066C2AD006DC782 /* Products */,
			);
			sourceTree = "<group>";
		};
		2398A6AD2066C2AD006DC782 /* Products */ = {
			isa = PBXGroup;
			children = (
				2398A6AC2066C2AD006DC782 /* ExpandibleCollectionViewCell.app */,
			);
			name = Products;
			sourceTree = "<group>";
		};
		2398A6AE2066C2AD006DC782 /* ExpandibleCollectionViewCell */ = {
			isa = PBXGroup;
			children = (
				2398A6AF2066C2AD006DC782 /* AppDelegate.swift */,
				2398A6B12066C2AD006DC782 /* ViewController.swift */,
				2398A6B32066C2AD006DC782 /* Main.storyboard */,
				2398A6B92066C2AD006DC782 /* Assets.xcassets */,
				2398A6BB2066C2AD006DC782 /* LaunchScreen.storyboard */,
				2398A6BE2066C2AD006DC782 /* Info.plist */,
				2398A6B62066C2AD006DC782 /* ExpandibleCollectionViewCell.xcdatamodeld */,
			);
			path = ExpandibleCollectionViewCell;
			sourceTree = "<group>";
		};
/* End PBXGroup section */

/* Begin PBXNativeTarget section */
		2398A6AB2066C2AD006DC782 /* ExpandibleCollectionViewCell */ = {
			isa = PBXNativeTarget;
			buildConfigurationList = 2398A6C12066C2AD006DC782 /* Build configuration list for PBXNativeTarget "ExpandibleCollectionViewCell" */;
			buildPhases = (
				2398A6A82066C2AD006DC782 /* Sources */,
				2398A6A92066C2AD006DC782 /* Frameworks */,
				2398A6AA2066C2AD006DC782 /* Resources */,
			);
			buildRules = (
			);
			dependencies = (
			);
			name = ExpandibleCollectionViewCell;
			productName = ExpandibleCollectionViewCell;
			productReference = 2398A6AC2066C2AD006DC782 /* ExpandibleCollectionViewCell.app */;
			productType = "com.apple.product-type.application";
		};
/* End PBXNativeTarget section */

/* Begin PBXProject section */
		2398A6A42066C2AD006DC782 /* Project object */ = {
			isa = PBXProject;
			attributes = {
				LastSwiftUpdateCheck = 0920;
				LastUpgradeCheck = 0920;
				ORGANIZATIONNAME = "Alejandro St";
				TargetAttributes = {
					2398A6AB2066C2AD006DC782 = {
						CreatedOnToolsVersion = 9.2;
						ProvisioningStyle = Automatic;
					};
				};
			};
			buildConfigurationList = 2398A6A72066C2AD006DC782 /* Build configuration list for PBXProject "ExpandibleCollectionViewCell" */;
			compatibilityVersion = "Xcode 8.0";
			developmentRegion = en;
			hasScannedForEncodings = 0;
			knownRegions = (
				en,
				Base,
			);
			mainGroup = 2398A6A32066C2AD006DC782;
			productRefGroup = 2398A6AD2066C2AD006DC782 /* Products */;
			projectDirPath = "";
			projectRoot = "";
			targets = (
				2398A6AB2066C2AD006DC782 /* ExpandibleCollectionViewCell */,
			);
		};
/* End PBXProject section */

/* Begin PBXResourcesBuildPhase section */
		2398A6AA2066C2AD006DC782 /* Resources */ = {
			isa = PBXResourcesBuildPhase;
			buildActionMask = 2147483647;
			files = (
				2398A6BD2066C2AD006DC782 /* LaunchScreen.storyboard in Resources */,
				2398A6BA2066C2AD006DC782 /* Assets.xcassets in Resources */,
				2398A6B52066C2AD006DC782 /* Main.storyboard in Resources */,
			);
			runOnlyForDeploymentPostprocessing = 0;
		};
/* End PBXResourcesBuildPhase section */

/* Begin PBXSourcesBuildPhase section */
		2398A6A82066C2AD006DC782 /* Sources */ = {
			isa = PBXSourcesBuildPhase;
			buildActionMask = 2147483647;
			files = (
				2398A6B22066C2AD006DC782 /* ViewController.swift in Sources */,
				2398A6B02066C2AD006DC782 /* AppDelegate.swift in Sources */,
				2398A6B82066C2AD006DC782 /* ExpandibleCollectionViewCell.xcdatamodeld in Sources */,
			);
			runOnlyForDeploymentPostprocessing = 0;
		};
/* End PBXSourcesBuildPhase section */

/* Begin PBXVariantGroup section */
		2398A6B32066C2AD006DC782 /* Main.storyboard */ = {
			isa = PBXVariantGroup;
			children = (
				2398A6B42066C2AD006DC782 /* Base */,
			);
			name = Main.storyboard;
			sourceTree = "<group>";
		};
		2398A6BB2066C2AD006DC782 /* LaunchScreen.storyboard */ = {
			isa = PBXVariantGroup;
			children = (
				2398A6BC2066C2AD006DC782 /* Base */,
			);
			name = LaunchScreen.storyboard;
			sourceTree = "<group>";
		};
/* End PBXVariantGroup section */

/* Begin XCBuildConfiguration section */
		2398A6BF2066C2AD006DC782 /* Debug */ = {
			isa = XCBuildConfiguration;
			buildSettings = {
				ALWAYS_SEARCH_USER_PATHS = NO;
				CLANG_ANALYZER_NONNULL = YES;
				CLANG_ANALYZER_NUMBER_OBJECT_CONVERSION = YES_AGGRESSIVE;
				CLANG_CXX_LANGUAGE_STANDARD = "gnu++14";
				CLANG_CXX_LIBRARY = "libc++";
				CLANG_ENABLE_MODULES = YES;
				CLANG_ENABLE_OBJC_ARC = YES;
				CLANG_WARN_BLOCK_CAPTURE_AUTORELEASING = YES;
				CLANG_WARN_BOOL_CONVERSION = YES;
				CLANG_WARN_COMMA = YES;
				CLANG_WARN_CONSTANT_CONVERSION = YES;
				CLANG_WARN_DIRECT_OBJC_ISA_USAGE = YES_ERROR;
				CLANG_WARN_DOCUMENTATION_COMMENTS = YES;
				CLANG_WARN_EMPTY_BODY = YES;
				CLANG_WARN_ENUM_CONVERSION = YES;
				CLANG_WARN_INFINITE_RECURSION = YES;
				CLANG_WARN_INT_CONVERSION = YES;
				CLANG_WARN_NON_LITERAL_NULL_CONVERSION = YES;
				CLANG_WARN_OBJC_LITERAL_CONVERSION = YES;
				CLANG_WARN_OBJC_ROOT_CLASS = YES_ERROR;
				CLANG_WARN_RANGE_LOOP_ANALYSIS = YES;
				CLANG_WARN_STRICT_PROTOTYPES = YES;
				CLANG_WARN_SUSPICIOUS_MOVE = YES;
				CLANG_WARN_UNGUARDED_AVAILABILITY = YES_AGGRESSIVE;
				CLANG_WARN_UNREACHABLE_CODE = YES;
				CLANG_WARN__DUPLICATE_METHOD_MATCH = YES;
				CODE_SIGN_IDENTITY = "iPhone Developer";
				COPY_PHASE_STRIP = NO;
				DEBUG_INFORMATION_FORMAT = dwarf;
				ENABLE_STRICT_OBJC_MSGSEND = YES;
				ENABLE_TESTABILITY = YES;
				GCC_C_LANGUAGE_STANDARD = gnu11;
				GCC_DYNAMIC_NO_PIC = NO;
				GCC_NO_COMMON_BLOCKS = YES;
				GCC_OPTIMIZATION_LEVEL = 0;
				GCC_PREPROCESSOR_DEFINITIONS = (
					"DEBUG=1",
					"$(inherited)",
				);
				GCC_WARN_64_TO_32_BIT_CONVERSION = YES;
				GCC_WARN_ABOUT_RETURN_TYPE = YES_ERROR;
				GCC_WARN_UNDECLARED_SELECTOR = YES;
				GCC_WARN_UNINITIALIZED_AUTOS = YES_AGGRESSIVE;
				GCC_WARN_UNUSED_FUNCTION = YES;
				GCC_WARN_UNUSED_VARIABLE = YES;
				IPHONEOS_DEPLOYMENT_TARGET = 11.2;
				MTL_ENABLE_DEBUG_INFO = YES;
				ONLY_ACTIVE_ARCH = YES;
				SDKROOT = iphoneos;
				SWIFT_ACTIVE_COMPILATION_CONDITIONS = DEBUG;
				SWIFT_OPTIMIZATION_LEVEL = "-Onone";
			};
			name = Debug;
		};
		2398A6C02066C2AD006DC782 /* Release */ = {
			isa = XCBuildConfiguration;
			buildSettings = {
				ALWAYS_SEARCH_USER_PATHS = NO;
				CLANG_ANALYZER_NONNULL = YES;
				CLANG_ANALYZER_NUMBER_OBJECT_CONVERSION = YES_AGGRESSIVE;
				CLANG_CXX_LANGUAGE_STANDARD = "gnu++14";
				CLANG_CXX_LIBRARY = "libc++";
				CLANG_ENABLE_MODULES = YES;
				CLANG_ENABLE_OBJC_ARC = YES;
				CLANG_WARN_BLOCK_CAPTURE_AUTORELEASING = YES;
				CLANG_WARN_BOOL_CONVERSION = YES;
				CLANG_WARN_COMMA = YES;
				CLANG_WARN_CONSTANT_CONVERSION = YES;
				CLANG_WARN_DIRECT_OBJC_ISA_USAGE = YES_ERROR;
				CLANG_WARN_DOCUMENTATION_COMMENTS = YES;
				CLANG_WARN_EMPTY_BODY = YES;
				CLANG_WARN_ENUM_CONVERSION = YES;
				CLANG_WARN_INFINITE_RECURSION = YES;
				CLANG_WARN_INT_CONVERSION = YES;
				CLANG_WARN_NON_LITERAL_NULL_CONVERSION = YES;
				CLANG_WARN_OBJC_LITERAL_CONVERSION = YES;
				CLANG_WARN_OBJC_ROOT_CLASS = YES_ERROR;
				CLANG_WARN_RANGE_LOOP_ANALYSIS = YES;
				CLANG_WARN_STRICT_PROTOTYPES = YES;
				CLANG_WARN_SUSPICIOUS_MOVE = YES;
				CLANG_WARN_UNGUARDED_AVAILABILITY = YES_AGGRESSIVE;
				CLANG_WARN_UNREACHABLE_CODE = YES;
				CLANG_WARN__DUPLICATE_METHOD_MATCH = YES;
				CODE_SIGN_IDENTITY = "iPhone Developer";
				COPY_PHASE_STRIP = NO;
				DEBUG_INFORMATION_FORMAT = "dwarf-with-dsym";
				ENABLE_NS_ASSERTIONS = NO;
				ENABLE_STRICT_OBJC_MSGSEND = YES;
				GCC_C_LANGUAGE_STANDARD = gnu11;
				GCC_NO_COMMON_BLOCKS = YES;
				GCC_WARN_64_TO_32_BIT_CONVERSION = YES;
				GCC_WARN_ABOUT_RETURN_TYPE = YES_ERROR;
				GCC_WARN_UNDECLARED_SELECTOR = YES;
				GCC_WARN_UNINITIALIZED_AUTOS = YES_AGGRESSIVE;
				GCC_WARN_UNUSED_FUNCTION = YES;
				GCC_WARN_UNUSED_VARIABLE = YES;
				IPHONEOS_DEPLOYMENT_TARGET = 11.2;
				MTL_ENABLE_DEBUG_INFO = NO;
				SDKROOT = iphoneos;
				SWIFT_OPTIMIZATION_LEVEL = "-Owholemodule";
				VALIDATE_PRODUCT = YES;
			};
			name = Release;
		};
		2398A6C22066C2AD006DC782 /* Debug */ = {
			isa = XCBuildConfiguration;
			buildSettings = {
				ASSETCATALOG_COMPILER_APPICON_NAME = AppIcon;
				CODE_SIGN_STYLE = Automatic;
				INFOPLIST_FILE = ExpandibleCollectionViewCell/Info.plist;
				LD_RUNPATH_SEARCH_PATHS = "$(inherited) @executable_path/Frameworks";
				PRODUCT_BUNDLE_IDENTIFIER = tk.anima.ExpandibleCollectionViewCell;
				PRODUCT_NAME = "$(TARGET_NAME)";
				SWIFT_VERSION = 4.0;
				TARGETED_DEVICE_FAMILY = "1,2";
			};
			name = Debug;
		};
		2398A6C32066C2AD006DC782 /* Release */ = {
			isa = XCBuildConfiguration;
			buildSettings = {
				ASSETCATALOG_COMPILER_APPICON_NAME = AppIcon;
				CODE_SIGN_STYLE = Automatic;
				INFOPLIST_FILE = ExpandibleCollectionViewCell/Info.plist;
				LD_RUNPATH_SEARCH_PATHS = "$(inherited) @executable_path/Frameworks";
				PRODUCT_BUNDLE_IDENTIFIER = tk.anima.ExpandibleCollectionViewCell;
				PRODUCT_NAME = "$(TARGET_NAME)";
				SWIFT_VERSION = 4.0;
				TARGETED_DEVICE_FAMILY = "1,2";
			};
			name = Release;
		};
/* End XCBuildConfiguration section */

/* Begin XCConfigurationList section */
		2398A6A72066C2AD006DC782 /* Build configuration list for PBXProject "ExpandibleCollectionViewCell" */ = {
			isa = XCConfigurationList;
			buildConfigurations = (
				2398A6BF2066C2AD006DC782 /* Debug */,
				2398A6C02066C2AD006DC782 /* Release */,
			);
			defaultConfigurationIsVisible = 0;
			defaultConfigurationName = Release;
		};
		2398A6C12066C2AD006DC782 /* Build configuration list for PBXNativeTarget "ExpandibleCollectionViewCell" */ = {
			isa = XCConfigurationList;
			buildConfigurations = (
				2398A6C22066C2AD006DC782 /* Debug */,
				2398A6C32066C2AD006DC782 /* Release */,
			);
			defaultConfigurationIsVisible = 0;
			defaultConfigurationName = Release;
		};
/* End XCConfigurationList section */

/* Begin XCVersionGroup section */
		2398A6B62066C2AD006DC782 /* ExpandibleCollectionViewCell.xcdatamodeld */ = {
			isa = XCVersionGroup;
			children = (
				2398A6B72066C2AD006DC782 /* ExpandibleCollectionViewCell.xcdatamodel */,
			);
			currentVersion = 2398A6B72066C2AD006DC782 /* ExpandibleCollectionViewCell.xcdatamodel */;
			path = ExpandibleCollectionViewCell.xcdatamodeld;
			sourceTree = "<group>";
			versionGroupType = wrapper.xcdatamodel;
		};
/* End XCVersionGroup section */
	};
	rootObject = 2398A6A42066C2AD006DC782 /* Project object */;
}
